
Microsoft Visual Studio Solution File, Format Version 12.00
# Visual Studio Version 16
VisualStudioVersion = 16.0.31129.286
MinimumVisualStudioVersion = 10.0.40219.1
Project("{FAE04EC0-301F-11D3-BF4B-00C04F79EFBC}") = "TDDKata1", "TDDKata1\TDDKata1.csproj", "{CFDA02D9-0EFE-410B-A23B-123132FAE7CD}"
EndProject
Project("{9A19103F-16F7-4668-BE54-9A1E7A4F7556}") = "TddKata1.Tests", "TddKata1.Test\TddKata1.Tests.csproj", "{8D00723A-BBE5-4F2A-9E8E-2B46723BF06F}"
EndProject
Project("{FAE04EC0-301F-11D3-BF4B-00C04F79EFBC}") = "TDDKata2", "TDDKata2\TDDKata2.csproj", "{0C31D702-CDE8-40B8-AA3B-FFDC2C7CCC9D}"
EndProject
Project("{FAE04EC0-301F-11D3-BF4B-00C04F79EFBC}") = "TDDKata2.Test", "TDDKata2.Test\TDDKata2.Test.csproj", "{9A85DCEB-AD03-4EF7-9DE2-F150326DEADC}"
EndProject
Global
	GlobalSection(SolutionConfigurationPlatforms) = preSolution
		Debug|Any CPU = Debug|Any CPU
		Release|Any CPU = Release|Any CPU
	EndGlobalSection
	GlobalSection(ProjectConfigurationPlatforms) = postSolution
		{CFDA02D9-0EFE-410B-A23B-123132FAE7CD}.Debug|Any CPU.ActiveCfg = Debug|Any CPU
		{CFDA02D9-0EFE-410B-A23B-123132FAE7CD}.Debug|Any CPU.Build.0 = Debug|Any CPU
		{CFDA02D9-0EFE-410B-A23B-123132FAE7CD}.Release|Any CPU.ActiveCfg = Release|Any CPU
		{CFDA02D9-0EFE-410B-A23B-123132FAE7CD}.Release|Any CPU.Build.0 = Release|Any CPU
		{8D00723A-BBE5-4F2A-9E8E-2B46723BF06F}.Debug|Any CPU.ActiveCfg = Debug|Any CPU
		{8D00723A-BBE5-4F2A-9E8E-2B46723BF06F}.Debug|Any CPU.Build.0 = Debug|Any CPU
		{8D00723A-BBE5-4F2A-9E8E-2B46723BF06F}.Release|Any CPU.ActiveCfg = Release|Any CPU
		{8D00723A-BBE5-4F2A-9E8E-2B46723BF06F}.Release|Any CPU.Build.0 = Release|Any CPU
		{0C31D702-CDE8-40B8-AA3B-FFDC2C7CCC9D}.Debug|Any CPU.ActiveCfg = Debug|Any CPU
		{0C31D702-CDE8-40B8-AA3B-FFDC2C7CCC9D}.Debug|Any CPU.Build.0 = Debug|Any CPU
		{0C31D702-CDE8-40B8-AA3B-FFDC2C7CCC9D}.Release|Any CPU.ActiveCfg = Release|Any CPU
		{0C31D702-CDE8-40B8-AA3B-FFDC2C7CCC9D}.Release|Any CPU.Build.0 = Release|Any CPU
		{9A85DCEB-AD03-4EF7-9DE2-F150326DEADC}.Debug|Any CPU.ActiveCfg = Debug|Any CPU
		{9A85DCEB-AD03-4EF7-9DE2-F150326DEADC}.Debug|Any CPU.Build.0 = Debug|Any CPU
		{9A85DCEB-AD03-4EF7-9DE2-F150326DEADC}.Release|Any CPU.ActiveCfg = Release|Any CPU
		{9A85DCEB-AD03-4EF7-9DE2-F150326DEADC}.Release|Any CPU.Build.0 = Release|Any CPU
	EndGlobalSection
	GlobalSection(SolutionProperties) = preSolution
		HideSolutionNode = FALSE
	EndGlobalSection
	GlobalSection(ExtensibilityGlobals) = postSolution
		SolutionGuid = {2A6DB046-126D-4223-AB5C-E2684C46CA69}
	EndGlobalSection
EndGlobal
